
Microsoft Visual Studio Solution File, Format Version 12.00
# Visual Studio 15
VisualStudioVersion = 15.0.27004.2009
MinimumVisualStudioVersion = 10.0.40219.1
Project("{FAE04EC0-301F-11D3-BF4B-00C04F79EFBC}") = "NetFramework", "NetFramework\NetFramework.csproj", "{409F043E-219F-47E3-BB53-A8EA35921C97}"
EndProject
Project("{9A19103F-16F7-4668-BE54-9A1E7A4F7556}") = "NetCore21", "NetCore21\NetCore21.csproj", "{F1A992AF-8CB3-47F1-A27D-DE138DDD1D38}"
EndProject
Project("{2150E333-8FDC-42A3-9474-1A3956D46DE8}") = "Sql", "Sql", "{17F97F63-8E6E-4403-8DB0-EE27292D39F8}"
	ProjectSection(SolutionItems) = preProject
		CreateDbTables.sql = CreateDbTables.sql
	EndProjectSection
EndProject
Project("{FAE04EC0-301F-11D3-BF4B-00C04F79EFBC}") = "NetCore11", "NetCore11\NetCore11.csproj", "{46D26EAA-2923-4C2D-B5BB-50A417674AA7}"
EndProject
Global
	GlobalSection(SolutionConfigurationPlatforms) = preSolution
		Debug|Any CPU = Debug|Any CPU
		Release|Any CPU = Release|Any CPU
	EndGlobalSection
	GlobalSection(ProjectConfigurationPlatforms) = postSolution
		{409F043E-219F-47E3-BB53-A8EA35921C97}.Debug|Any CPU.ActiveCfg = Debug|Any CPU
		{409F043E-219F-47E3-BB53-A8EA35921C97}.Debug|Any CPU.Build.0 = Debug|Any CPU
		{409F043E-219F-47E3-BB53-A8EA35921C97}.Release|Any CPU.ActiveCfg = Release|Any CPU
		{409F043E-219F-47E3-BB53-A8EA35921C97}.Release|Any CPU.Build.0 = Release|Any CPU
		{F1A992AF-8CB3-47F1-A27D-DE138DDD1D38}.Debug|Any CPU.ActiveCfg = Debug|Any CPU
		{F1A992AF-8CB3-47F1-A27D-DE138DDD1D38}.Debug|Any CPU.Build.0 = Debug|Any CPU
		{F1A992AF-8CB3-47F1-A27D-DE138DDD1D38}.Release|Any CPU.ActiveCfg = Release|Any CPU
		{F1A992AF-8CB3-47F1-A27D-DE138DDD1D38}.Release|Any CPU.Build.0 = Release|Any CPU
		{46D26EAA-2923-4C2D-B5BB-50A417674AA7}.Debug|Any CPU.ActiveCfg = Debug|Any CPU
		{46D26EAA-2923-4C2D-B5BB-50A417674AA7}.Debug|Any CPU.Build.0 = Debug|Any CPU
		{46D26EAA-2923-4C2D-B5BB-50A417674AA7}.Release|Any CPU.ActiveCfg = Release|Any CPU
		{46D26EAA-2923-4C2D-B5BB-50A417674AA7}.Release|Any CPU.Build.0 = Release|Any CPU
	EndGlobalSection
	GlobalSection(SolutionProperties) = preSolution
		HideSolutionNode = FALSE
	EndGlobalSection
	GlobalSection(ExtensibilityGlobals) = postSolution
		SolutionGuid = {9D43059E-E52B-4AB8-994C-1E4541DE8BED}
	EndGlobalSection
EndGlobal
